
Microsoft Visual Studio Solution File, Format Version 12.00
# Visual Studio Version 17
VisualStudioVersion = 17.6.33829.357
MinimumVisualStudioVersion = 10.0.40219.1
Project("{FAE04EC0-301F-11D3-BF4B-00C04F79EFBC}") = "WebAPIPedidos", "WebAPIPedidos.csproj", "{BE21FA33-3CC3-444B-88EF-A1E0C56CBA97}"
EndProject
Global
	GlobalSection(SolutionConfigurationPlatforms) = preSolution
		Debug|Any CPU = Debug|Any CPU
		Release|Any CPU = Release|Any CPU
	EndGlobalSection
	GlobalSection(ProjectConfigurationPlatforms) = postSolution
		{BE21FA33-3CC3-444B-88EF-A1E0C56CBA97}.Debug|Any CPU.ActiveCfg = Debug|Any CPU
		{BE21FA33-3CC3-444B-88EF-A1E0C56CBA97}.Debug|Any CPU.Build.0 = Debug|Any CPU
		{BE21FA33-3CC3-444B-88EF-A1E0C56CBA97}.Release|Any CPU.ActiveCfg = Release|Any CPU
		{BE21FA33-3CC3-444B-88EF-A1E0C56CBA97}.Release|Any CPU.Build.0 = Release|Any CPU
	EndGlobalSection
	GlobalSection(SolutionProperties) = preSolution
		HideSolutionNode = FALSE
	EndGlobalSection
	GlobalSection(ExtensibilityGlobals) = postSolution
		SolutionGuid = {63E570DB-E66F-4F6C-ABB9-9B5BF9128A6A}
	EndGlobalSection
EndGlobal
